<?xml version="1.0" encoding="utf-8"?>
<Project ToolsVersion="4.0" xmlns="http://schemas.microsoft.com/developer/msbuild/2003">
  <ItemGroup>
    <Filter Include="src\ui">
      <UniqueIdentifier>{005ca6f9-47db-4763-96ed-8873947e6864}</UniqueIdentifier>
    </Filter>
    <Filter Include="Source Files">
      <UniqueIdentifier>{4FC737F1-C7A5-4376-A066-2A32D752A2FF}</UniqueIdentifier>
      <Extensions>cpp;c;cc;cxx;c++;cppm;ixx;def;odl;idl;hpj;bat;asm;asmx</Extensions>
    </Filter>
    <Filter Include="Header Files">
      <UniqueIdentifier>{93995380-89BD-4b04-88EB-625FBE52EBFB}</UniqueIdentifier>
      <Extensions>h;hh;hpp;hxx;h++;hm;inl;inc;ipp;xsd</Extensions>
    </Filter>
    <Filter Include="Resource Files">
      <UniqueIdentifier>{67DA6AB6-F800-4c08-8B7A-83BB121AAD01}</UniqueIdentifier>
      <Extensions>rc;ico;cur;bmp;dlg;rc2;rct;bin;rgs;gif;jpg;jpeg;jpe;resx;tiff;tif;png;wav;mfcribbon-ms</Extensions>
    </Filter>
    <Filter Include="src">
      <UniqueIdentifier>{a0f1f1e1-1111-4111-8111-111111111111}</UniqueIdentifier>
    </Filter>
    <Filter Include="src\core">
      <UniqueIdentifier>{a0f1f1e1-1111-4111-8111-111111111112}</UniqueIdentifier>
    </Filter>
    <Filter Include="src\rendering">
      <UniqueIdentifier>{a0f1f1e1-1111-4111-8111-111111111113}</UniqueIdentifier>
    </Filter>
    <Filter Include="src\scene">
      <UniqueIdentifier>{a0f1f1e1-1111-4111-8111-111111111114}</UniqueIdentifier>
    </Filter>
  </ItemGroup>
  <ItemGroup>
    <ClCompile Include="src\ui\HudOverlay.cpp">
      <Filter>src\ui</Filter>
    </ClCompile>
    <ClCompile Include="src\core\CaptureTour.cpp">
      <Filter>src\core</Filter>
    </ClCompile>
    <ClCompile Include="src\core\CameraController.cpp">
      <Filter>src\core</Filter>
    </ClCompile>
    <ClCompile Include="src\rendering\MaterialLibrary.cpp">
      <Filter>src\rendering</Filter>
    </ClCompile>
    <ClCompile Include="src\scene\MissionController.cpp">
      <Filter>src\scene</Filter>
    </ClCompile>
    <ClCompile Include="src\scene\Comet.cpp">
      <Filter>src\scene</Filter>
    </ClCompile>
    <ClCompile Include="src\scene\EnvironmentBuilder.cpp">
      <Filter>src\scene</Filter>
    </ClCompile>
    <ClCompile Include="src\scene\SolarSystemBuilder.cpp">
      <Filter>src\scene</Filter>
    </ClCompile>
    <ClCompile Include="src\scene\BodyCatalog.cpp">
      <Filter>src\scene</Filter>
    </ClCompile>
    <ClCompile Include="EBO.cpp">
      <Filter>Source Files</Filter>
    </ClCompile>
    <ClCompile Include="glad.c">
      <Filter>Source Files</Filter>
    </ClCompile>
    <ClCompile Include="Main.cpp">
      <Filter>Source Files</Filter>
    </ClCompile>
    <ClCompile Include="shaderClass.cpp">
      <Filter>Source Files</Filter>
    </ClCompile>
    <ClCompile Include="stb_image_impl.cpp">
      <Filter>Source Files</Filter>
    </ClCompile>
    <ClCompile Include="VAO.cpp">
      <Filter>Source Files</Filter>
    </ClCompile>
    <ClCompile Include="VBO.cpp">
      <Filter>Source Files</Filter>
    </ClCompile>
    <ClCompile Include="src\core\Application.cpp">
      <Filter>src\core</Filter>
    </ClCompile>
    <ClCompile Include="src\core\Input.cpp">
      <Filter>src\core</Filter>
    </ClCompile>
    <ClCompile Include="src\core\Time.cpp">
      <Filter>src\core</Filter>
    </ClCompile>
    <ClCompile Include="src\core\Window.cpp">
      <Filter>src\core</Filter>
    </ClCompile>
    <ClCompile Include="src\rendering\BitmapFont.cpp">
      <Filter>src\rendering</Filter>
    </ClCompile>
    <ClCompile Include="src\rendering\TextRenderer.cpp">
      <Filter>src\rendering</Filter>
    </ClCompile>
    <ClCompile Include="src\scene\MissionEphemeris.cpp">
      <Filter>src\scene</Filter>
    </ClCompile>
    <ClCompile Include="src\scene\SimulationClock.cpp">
      <Filter>src\scene</Filter>
    </ClCompile>
    <ClCompile Include="src\rendering\Camera.cpp">
      <Filter>src\rendering</Filter>
    </ClCompile>
	<ClCompile Include="src\rendering\BoxGenerator.cpp">
	  <Filter>src\rendering</Filter>
	</ClCompile>
    <ClCompile Include="src\rendering\Mesh.cpp">
      <Filter>src\rendering</Filter>
    </ClCompile>
	<ClCompile Include="src\rendering\ParabolicDishGenerator.cpp">
	  <Filter>src\rendering</Filter>
	</ClCompile>
    <ClCompile Include="src\rendering\CircleGenerator.cpp">
      <Filter>src\rendering</Filter>
    </ClCompile>
    <ClCompile Include="src\rendering\CylinderGenerator.cpp">
      <Filter>src\rendering</Filter>
    </ClCompile>
    <ClCompile Include="src\rendering\Renderer.cpp">
      <Filter>src\rendering</Filter>
    </ClCompile>
    <ClCompile Include="src\rendering\RingGenerator.cpp">
      <Filter>src\rendering</Filter>
    </ClCompile>
    <ClCompile Include="src\rendering\StarfieldGenerator.cpp">
      <Filter>src\rendering</Filter>
    </ClCompile>
    <ClCompile Include="src\rendering\Texture2D.cpp">
      <Filter>src\rendering</Filter>
    </ClCompile>
    <ClCompile Include="src\rendering\UvSphereGenerator.cpp">
      <Filter>src\rendering</Filter>
    </ClCompile>
    <ClCompile Include="src\scene\CelestialBody.cpp">
      <Filter>src\scene</Filter>
    </ClCompile>
    <ClCompile Include="src\scene\InstancedField.cpp">
      <Filter>src\scene</Filter>
    </ClCompile>
    <ClCompile Include="src\scene\ScaleManager.cpp">
      <Filter>src\scene</Filter>
    </ClCompile>
    <ClCompile Include="src\scene\Scene.cpp">
      <Filter>src\scene</Filter>
    </ClCompile>
    <ClCompile Include="src\scene\SceneObject.cpp">
      <Filter>src\scene</Filter>
    </ClCompile>
    <ClCompile Include="src\scene\SolarSystem.cpp">
      <Filter>src\scene</Filter>
    </ClCompile>
	<ClCompile Include="src\scene\Trajectory.cpp">
	  <Filter>src\scene</Filter>
	</ClCompile>
    <ClCompile Include="src\scene\Voyager2.cpp">
      <Filter>src\scene</Filter>
    </ClCompile>
	<ClCompile Include="src\scene\VoyagerModelBuilder.cpp">
	  <Filter>src\scene</Filter>
	</ClCompile>
  </ItemGroup>
  <ItemGroup>
    <ClInclude Include="src\ui\HudOverlay.h">
      <Filter>src\ui</Filter>
    </ClInclude>
    <ClInclude Include="src\core\CaptureTour.h">
      <Filter>src\core</Filter>
    </ClInclude>
    <ClInclude Include="src\core\CameraController.h">
      <Filter>src\core</Filter>
    </ClInclude>
    <ClInclude Include="src\rendering\MaterialLibrary.h">
      <Filter>src\rendering</Filter>
    </ClInclude>
    <ClInclude Include="src\scene\MissionController.h">
      <Filter>src\scene</Filter>
    </ClInclude>
    <ClInclude Include="src\scene\Comet.h">
      <Filter>src\scene</Filter>
    </ClInclude>
    <ClInclude Include="src\scene\EnvironmentBuilder.h">
      <Filter>src\scene</Filter>
    </ClInclude>
    <ClInclude Include="src\scene\SolarSystemBuilder.h">
      <Filter>src\scene</Filter>
    </ClInclude>
    <ClInclude Include="src\scene\BodyCatalog.h">
      <Filter>src\scene</Filter>
    </ClInclude>
    <ClInclude Include="EBO.h">
      <Filter>Header Files</Filter>
    </ClInclude>
    <ClInclude Include="shaderClass.h">
      <Filter>Header Files</Filter>
    </ClInclude>
    <ClInclude Include="VAO.h">
      <Filter>Header Files</Filter>
    </ClInclude>
    <ClInclude Include="VBO.h">
      <Filter>Header Files</Filter>
    </ClInclude>
    <ClInclude Include="src\core\Application.h">
      <Filter>src\core</Filter>
    </ClInclude>
    <ClInclude Include="src\core\Input.h">
      <Filter>src\core</Filter>
    </ClInclude>
    <ClInclude Include="src\core\Time.h">
      <Filter>src\core</Filter>
    </ClInclude>
    <ClInclude Include="src\core\Window.h">
      <Filter>src\core</Filter>
    </ClInclude>
    <ClInclude Include="src\rendering\BitmapFont.h">
      <Filter>src\rendering</Filter>
    </ClInclude>
    <ClInclude Include="src\rendering\TextRenderer.h">
      <Filter>src\rendering</Filter>
    </ClInclude>
    <ClInclude Include="src\scene\MissionEphemeris.h">
      <Filter>src\scene</Filter>
    </ClInclude>
    <ClInclude Include="src\scene\SimulationClock.h">
      <Filter>src\scene</Filter>
    </ClInclude>
    <ClInclude Include="src\rendering\Camera.h">
      <Filter>src\rendering</Filter>
    </ClInclude>
	<ClInclude Include="src\rendering\BoxGenerator.h">
	  <Filter>src\rendering</Filter>
	</ClInclude>
    <ClInclude Include="src\rendering\Material.h">
      <Filter>src\rendering</Filter>
    </ClInclude>
    <ClInclude Include="src\rendering\Mesh.h">
      <Filter>src\rendering</Filter>
    </ClInclude>
    <ClInclude Include="src\rendering\MeshData.h">
      <Filter>src\rendering</Filter>
    </ClInclude>
	<ClInclude Include="src\rendering\ParabolicDishGenerator.h">
	  <Filter>src\rendering</Filter>
	</ClInclude>
    <ClInclude Include="src\rendering\CircleGenerator.h">
      <Filter>src\rendering</Filter>
    </ClInclude>
    <ClInclude Include="src\rendering\CylinderGenerator.h">
      <Filter>src\rendering</Filter>
    </ClInclude>
    <ClInclude Include="src\rendering\Renderer.h">
      <Filter>src\rendering</Filter>
    </ClInclude>
    <ClInclude Include="src\rendering\RingGenerator.h">
      <Filter>src\rendering</Filter>
    </ClInclude>
    <ClInclude Include="src\rendering\StarfieldGenerator.h">
      <Filter>src\rendering</Filter>
    </ClInclude>
    <ClInclude Include="src\rendering\Texture2D.h">
      <Filter>src\rendering</Filter>
    </ClInclude>
    <ClInclude Include="src\rendering\UvSphereGenerator.h">
      <Filter>src\rendering</Filter>
    </ClInclude>
    <ClInclude Include="src\rendering\Vertex.h">
      <Filter>src\rendering</Filter>
    </ClInclude>
    <ClInclude Include="src\scene\BodyType.h">
      <Filter>src\scene</Filter>
    </ClInclude>
    <ClInclude Include="src\scene\CelestialBody.h">
      <Filter>src\scene</Filter>
    </ClInclude>
    <ClInclude Include="src\scene\CelestialBodyData.h">
      <Filter>src\scene</Filter>
    </ClInclude>
    <ClInclude Include="src\scene\InstancedField.h">
      <Filter>src\scene</Filter>
    </ClInclude>
    <ClInclude Include="src\scene\ScaleManager.h">
      <Filter>src\scene</Filter>
    </ClInclude>
    <ClInclude Include="src\scene\Scene.h">
      <Filter>src\scene</Filter>
    </ClInclude>
    <ClInclude Include="src\scene\SceneObject.h">
      <Filter>src\scene</Filter>
    </ClInclude>
    <ClInclude Include="src\scene\SolarSystem.h">
      <Filter>src\scene</Filter>
    </ClInclude>
    <ClInclude Include="src\scene\Transform.h">
      <Filter>src\scene</Filter>
    </ClInclude>
	<ClInclude Include="src\scene\Trajectory.h">
	  <Filter>src\scene</Filter>
	</ClInclude>
    <ClInclude Include="src\scene\Voyager2.h">
      <Filter>src\scene</Filter>
    </ClInclude>
	<ClInclude Include="src\scene\VoyagerModelBuilder.h">
	  <Filter>src\scene</Filter>
	</ClInclude>
  </ItemGroup>
  <ItemGroup>
    <None Include="default.frag" />
    <None Include="default.vert" />
    <None Include="hud.frag" />
    <None Include="hud.vert" />
  </ItemGroup>
</Project>
